
Microsoft Visual Studio Solution File, Format Version 12.00
# Visual Studio Version 16
VisualStudioVersion = 16.0.29209.62
MinimumVisualStudioVersion = 10.0.40219.1
Project("{2150E333-8FDC-42A3-9474-1A3956D46DE8}") = "Creational", "Creational", "{A47CA67C-ECBE-4A06-BCD2-CABB73034073}"
EndProject
Project("{2150E333-8FDC-42A3-9474-1A3956D46DE8}") = "Structural", "Structural", "{4830AD4A-A171-465F-A2F8-A672664ECFDA}"
EndProject
Project("{2150E333-8FDC-42A3-9474-1A3956D46DE8}") = "Behavioral", "Behavioral", "{FA81C536-640D-4931-9698-341F3432A6BC}"
EndProject
Project("{9A19103F-16F7-4668-BE54-9A1E7A4F7556}") = "Proxy", "src\Proxy\Proxy.csproj", "{EFC7206D-5258-43F2-BEB9-9245691D23C9}"
EndProject
Project("{9A19103F-16F7-4668-BE54-9A1E7A4F7556}") = "Decorator", "src\Decorator\Decorator.csproj", "{2D7685F6-960B-4CC5-A253-4856D688F104}"
EndProject
Project("{9A19103F-16F7-4668-BE54-9A1E7A4F7556}") = "Command", "src\Command\Command.csproj", "{97725F61-F9C7-401B-B618-40C07AE810F3}"
EndProject
Project("{9A19103F-16F7-4668-BE54-9A1E7A4F7556}") = "ChainOfResponsibility", "src\ChainOfResponsibility\ChainOfResponsibility.csproj", "{2E024058-8CF8-42D6-8D86-FAB1B4DEE3DA}"
EndProject
Project("{9A19103F-16F7-4668-BE54-9A1E7A4F7556}") = "Facade", "src\Facade\Facade.csproj", "{5D2EC06D-3702-4EB5-AA5E-FCEBAAD58932}"
EndProject
Project("{9A19103F-16F7-4668-BE54-9A1E7A4F7556}") = "Composite", "src\Composite\Composite.csproj", "{1E159667-42F8-40F8-B9B0-77FB3E9C519D}"
EndProject
Project("{9A19103F-16F7-4668-BE54-9A1E7A4F7556}") = "Iterator", "src\Iterator\Iterator.csproj", "{5A76E461-072D-4E0A-99D8-7EADA1E48503}"
EndProject
Project("{9A19103F-16F7-4668-BE54-9A1E7A4F7556}") = "Adaptor", "src\Adaptor\Adaptor.csproj", "{0C1E689F-654A-47AC-90FA-7718BDFD146E}"
EndProject
Project("{9A19103F-16F7-4668-BE54-9A1E7A4F7556}") = "AbstractFactory", "src\AbstractFactory\AbstractFactory.csproj", "{8F49D5C9-16BE-4F3E-99BE-78E015E83546}"
EndProject
Project("{9A19103F-16F7-4668-BE54-9A1E7A4F7556}") = "FactoryMethod", "src\FactoryMethod\FactoryMethod.csproj", "{82C55259-1890-4E0F-A0B3-B2C548A6CD2A}"
EndProject
Project("{9A19103F-16F7-4668-BE54-9A1E7A4F7556}") = "Observer", "src\Observer\Observer.csproj", "{F686301D-BF59-43D0-A2FA-21081E325FA9}"
EndProject
Project("{9A19103F-16F7-4668-BE54-9A1E7A4F7556}") = "Strategy", "src\Strategy\Strategy.csproj", "{AA9A685C-F6A6-460E-83A9-C93B22C71903}"
EndProject
Project("{9A19103F-16F7-4668-BE54-9A1E7A4F7556}") = "Visitor", "src\Visitor\Visitor.csproj", "{5D9E2E94-4783-4322-8FF5-5AEAA6C1169F}"
EndProject
Project("{9A19103F-16F7-4668-BE54-9A1E7A4F7556}") = "TemplateMethod", "src\TemplateMethod\TemplateMethod.csproj", "{7AF6AD62-CCFD-435E-86E5-62D20BBD4C4B}"
EndProject
Project("{9A19103F-16F7-4668-BE54-9A1E7A4F7556}") = "Memento", "src\Memento\Memento.csproj", "{44E17C97-748D-45B1-9FAF-DC6E58067093}"
EndProject
Project("{9A19103F-16F7-4668-BE54-9A1E7A4F7556}") = "Singleton", "src\Singleton\Singleton.csproj", "{CE8EFD5C-F24D-463B-8DCE-4150FE844A8C}"
EndProject
Project("{9A19103F-16F7-4668-BE54-9A1E7A4F7556}") = "Prototype", "src\Prototype\Prototype.csproj", "{7B126D0A-50C9-4769-9B67-DB41738A15AA}"
EndProject
Project("{FAE04EC0-301F-11D3-BF4B-00C04F79EFBC}") = "Bridge", "src\Bridge\Bridge.csproj", "{B4351DA9-18E8-4BA4-B3CA-FB1F45F090ED}"
EndProject
Global
	GlobalSection(SolutionConfigurationPlatforms) = preSolution
		Debug|Any CPU = Debug|Any CPU
		Release|Any CPU = Release|Any CPU
	EndGlobalSection
	GlobalSection(ProjectConfigurationPlatforms) = postSolution
		{EFC7206D-5258-43F2-BEB9-9245691D23C9}.Debug|Any CPU.ActiveCfg = Debug|Any CPU
		{EFC7206D-5258-43F2-BEB9-9245691D23C9}.Debug|Any CPU.Build.0 = Debug|Any CPU
		{EFC7206D-5258-43F2-BEB9-9245691D23C9}.Release|Any CPU.ActiveCfg = Release|Any CPU
		{EFC7206D-5258-43F2-BEB9-9245691D23C9}.Release|Any CPU.Build.0 = Release|Any CPU
		{2D7685F6-960B-4CC5-A253-4856D688F104}.Debug|Any CPU.ActiveCfg = Debug|Any CPU
		{2D7685F6-960B-4CC5-A253-4856D688F104}.Debug|Any CPU.Build.0 = Debug|Any CPU
		{2D7685F6-960B-4CC5-A253-4856D688F104}.Release|Any CPU.ActiveCfg = Release|Any CPU
		{2D7685F6-960B-4CC5-A253-4856D688F104}.Release|Any CPU.Build.0 = Release|Any CPU
		{97725F61-F9C7-401B-B618-40C07AE810F3}.Debug|Any CPU.ActiveCfg = Debug|Any CPU
		{97725F61-F9C7-401B-B618-40C07AE810F3}.Debug|Any CPU.Build.0 = Debug|Any CPU
		{97725F61-F9C7-401B-B618-40C07AE810F3}.Release|Any CPU.ActiveCfg = Release|Any CPU
		{97725F61-F9C7-401B-B618-40C07AE810F3}.Release|Any CPU.Build.0 = Release|Any CPU
		{2E024058-8CF8-42D6-8D86-FAB1B4DEE3DA}.Debug|Any CPU.ActiveCfg = Debug|Any CPU
		{2E024058-8CF8-42D6-8D86-FAB1B4DEE3DA}.Debug|Any CPU.Build.0 = Debug|Any CPU
		{2E024058-8CF8-42D6-8D86-FAB1B4DEE3DA}.Release|Any CPU.ActiveCfg = Release|Any CPU
		{2E024058-8CF8-42D6-8D86-FAB1B4DEE3DA}.Release|Any CPU.Build.0 = Release|Any CPU
		{5D2EC06D-3702-4EB5-AA5E-FCEBAAD58932}.Debug|Any CPU.ActiveCfg = Debug|Any CPU
		{5D2EC06D-3702-4EB5-AA5E-FCEBAAD58932}.Debug|Any CPU.Build.0 = Debug|Any CPU
		{5D2EC06D-3702-4EB5-AA5E-FCEBAAD58932}.Release|Any CPU.ActiveCfg = Release|Any CPU
		{5D2EC06D-3702-4EB5-AA5E-FCEBAAD58932}.Release|Any CPU.Build.0 = Release|Any CPU
		{1E159667-42F8-40F8-B9B0-77FB3E9C519D}.Debug|Any CPU.ActiveCfg = Debug|Any CPU
		{1E159667-42F8-40F8-B9B0-77FB3E9C519D}.Debug|Any CPU.Build.0 = Debug|Any CPU
		{1E159667-42F8-40F8-B9B0-77FB3E9C519D}.Release|Any CPU.ActiveCfg = Release|Any CPU
		{1E159667-42F8-40F8-B9B0-77FB3E9C519D}.Release|Any CPU.Build.0 = Release|Any CPU
		{5A76E461-072D-4E0A-99D8-7EADA1E48503}.Debug|Any CPU.ActiveCfg = Debug|Any CPU
		{5A76E461-072D-4E0A-99D8-7EADA1E48503}.Debug|Any CPU.Build.0 = Debug|Any CPU
		{5A76E461-072D-4E0A-99D8-7EADA1E48503}.Release|Any CPU.ActiveCfg = Release|Any CPU
		{5A76E461-072D-4E0A-99D8-7EADA1E48503}.Release|Any CPU.Build.0 = Release|Any CPU
		{0C1E689F-654A-47AC-90FA-7718BDFD146E}.Debug|Any CPU.ActiveCfg = Debug|Any CPU
		{0C1E689F-654A-47AC-90FA-7718BDFD146E}.Debug|Any CPU.Build.0 = Debug|Any CPU
		{0C1E689F-654A-47AC-90FA-7718BDFD146E}.Release|Any CPU.ActiveCfg = Release|Any CPU
		{0C1E689F-654A-47AC-90FA-7718BDFD146E}.Release|Any CPU.Build.0 = Release|Any CPU
		{8F49D5C9-16BE-4F3E-99BE-78E015E83546}.Debug|Any CPU.ActiveCfg = Debug|Any CPU
		{8F49D5C9-16BE-4F3E-99BE-78E015E83546}.Debug|Any CPU.Build.0 = Debug|Any CPU
		{8F49D5C9-16BE-4F3E-99BE-78E015E83546}.Release|Any CPU.ActiveCfg = Release|Any CPU
		{8F49D5C9-16BE-4F3E-99BE-78E015E83546}.Release|Any CPU.Build.0 = Release|Any CPU
		{82C55259-1890-4E0F-A0B3-B2C548A6CD2A}.Debug|Any CPU.ActiveCfg = Debug|Any CPU
		{82C55259-1890-4E0F-A0B3-B2C548A6CD2A}.Debug|Any CPU.Build.0 = Debug|Any CPU
		{82C55259-1890-4E0F-A0B3-B2C548A6CD2A}.Release|Any CPU.ActiveCfg = Release|Any CPU
		{82C55259-1890-4E0F-A0B3-B2C548A6CD2A}.Release|Any CPU.Build.0 = Release|Any CPU
		{F686301D-BF59-43D0-A2FA-21081E325FA9}.Debug|Any CPU.ActiveCfg = Debug|Any CPU
		{F686301D-BF59-43D0-A2FA-21081E325FA9}.Debug|Any CPU.Build.0 = Debug|Any CPU
		{F686301D-BF59-43D0-A2FA-21081E325FA9}.Release|Any CPU.ActiveCfg = Release|Any CPU
		{F686301D-BF59-43D0-A2FA-21081E325FA9}.Release|Any CPU.Build.0 = Release|Any CPU
		{AA9A685C-F6A6-460E-83A9-C93B22C71903}.Debug|Any CPU.ActiveCfg = Debug|Any CPU
		{AA9A685C-F6A6-460E-83A9-C93B22C71903}.Debug|Any CPU.Build.0 = Debug|Any CPU
		{AA9A685C-F6A6-460E-83A9-C93B22C71903}.Release|Any CPU.ActiveCfg = Release|Any CPU
		{AA9A685C-F6A6-460E-83A9-C93B22C71903}.Release|Any CPU.Build.0 = Release|Any CPU
		{5D9E2E94-4783-4322-8FF5-5AEAA6C1169F}.Debug|Any CPU.ActiveCfg = Debug|Any CPU
		{5D9E2E94-4783-4322-8FF5-5AEAA6C1169F}.Debug|Any CPU.Build.0 = Debug|Any CPU
		{5D9E2E94-4783-4322-8FF5-5AEAA6C1169F}.Release|Any CPU.ActiveCfg = Release|Any CPU
		{5D9E2E94-4783-4322-8FF5-5AEAA6C1169F}.Release|Any CPU.Build.0 = Release|Any CPU
		{7AF6AD62-CCFD-435E-86E5-62D20BBD4C4B}.Debug|Any CPU.ActiveCfg = Debug|Any CPU
		{7AF6AD62-CCFD-435E-86E5-62D20BBD4C4B}.Debug|Any CPU.Build.0 = Debug|Any CPU
		{7AF6AD62-CCFD-435E-86E5-62D20BBD4C4B}.Release|Any CPU.ActiveCfg = Release|Any CPU
		{7AF6AD62-CCFD-435E-86E5-62D20BBD4C4B}.Release|Any CPU.Build.0 = Release|Any CPU
		{44E17C97-748D-45B1-9FAF-DC6E58067093}.Debug|Any CPU.ActiveCfg = Debug|Any CPU
		{44E17C97-748D-45B1-9FAF-DC6E58067093}.Debug|Any CPU.Build.0 = Debug|Any CPU
		{44E17C97-748D-45B1-9FAF-DC6E58067093}.Release|Any CPU.ActiveCfg = Release|Any CPU
		{44E17C97-748D-45B1-9FAF-DC6E58067093}.Release|Any CPU.Build.0 = Release|Any CPU
		{CE8EFD5C-F24D-463B-8DCE-4150FE844A8C}.Debug|Any CPU.ActiveCfg = Debug|Any CPU
		{CE8EFD5C-F24D-463B-8DCE-4150FE844A8C}.Debug|Any CPU.Build.0 = Debug|Any CPU
		{CE8EFD5C-F24D-463B-8DCE-4150FE844A8C}.Release|Any CPU.ActiveCfg = Release|Any CPU
		{CE8EFD5C-F24D-463B-8DCE-4150FE844A8C}.Release|Any CPU.Build.0 = Release|Any CPU
		{7B126D0A-50C9-4769-9B67-DB41738A15AA}.Debug|Any CPU.ActiveCfg = Debug|Any CPU
		{7B126D0A-50C9-4769-9B67-DB41738A15AA}.Debug|Any CPU.Build.0 = Debug|Any CPU
		{7B126D0A-50C9-4769-9B67-DB41738A15AA}.Release|Any CPU.ActiveCfg = Release|Any CPU
		{7B126D0A-50C9-4769-9B67-DB41738A15AA}.Release|Any CPU.Build.0 = Release|Any CPU
		{B4351DA9-18E8-4BA4-B3CA-FB1F45F090ED}.Debug|Any CPU.ActiveCfg = Debug|Any CPU
		{B4351DA9-18E8-4BA4-B3CA-FB1F45F090ED}.Debug|Any CPU.Build.0 = Debug|Any CPU
		{B4351DA9-18E8-4BA4-B3CA-FB1F45F090ED}.Release|Any CPU.ActiveCfg = Release|Any CPU
		{B4351DA9-18E8-4BA4-B3CA-FB1F45F090ED}.Release|Any CPU.Build.0 = Release|Any CPU
	EndGlobalSection
	GlobalSection(SolutionProperties) = preSolution
		HideSolutionNode = FALSE
	EndGlobalSection
	GlobalSection(NestedProjects) = preSolution
		{EFC7206D-5258-43F2-BEB9-9245691D23C9} = {4830AD4A-A171-465F-A2F8-A672664ECFDA}
		{2D7685F6-960B-4CC5-A253-4856D688F104} = {4830AD4A-A171-465F-A2F8-A672664ECFDA}
		{97725F61-F9C7-401B-B618-40C07AE810F3} = {FA81C536-640D-4931-9698-341F3432A6BC}
		{2E024058-8CF8-42D6-8D86-FAB1B4DEE3DA} = {FA81C536-640D-4931-9698-341F3432A6BC}
		{5D2EC06D-3702-4EB5-AA5E-FCEBAAD58932} = {4830AD4A-A171-465F-A2F8-A672664ECFDA}
		{1E159667-42F8-40F8-B9B0-77FB3E9C519D} = {4830AD4A-A171-465F-A2F8-A672664ECFDA}
		{5A76E461-072D-4E0A-99D8-7EADA1E48503} = {FA81C536-640D-4931-9698-341F3432A6BC}
		{0C1E689F-654A-47AC-90FA-7718BDFD146E} = {4830AD4A-A171-465F-A2F8-A672664ECFDA}
		{8F49D5C9-16BE-4F3E-99BE-78E015E83546} = {A47CA67C-ECBE-4A06-BCD2-CABB73034073}
		{82C55259-1890-4E0F-A0B3-B2C548A6CD2A} = {A47CA67C-ECBE-4A06-BCD2-CABB73034073}
		{F686301D-BF59-43D0-A2FA-21081E325FA9} = {FA81C536-640D-4931-9698-341F3432A6BC}
		{AA9A685C-F6A6-460E-83A9-C93B22C71903} = {FA81C536-640D-4931-9698-341F3432A6BC}
		{5D9E2E94-4783-4322-8FF5-5AEAA6C1169F} = {FA81C536-640D-4931-9698-341F3432A6BC}
		{7AF6AD62-CCFD-435E-86E5-62D20BBD4C4B} = {FA81C536-640D-4931-9698-341F3432A6BC}
		{44E17C97-748D-45B1-9FAF-DC6E58067093} = {FA81C536-640D-4931-9698-341F3432A6BC}
		{CE8EFD5C-F24D-463B-8DCE-4150FE844A8C} = {A47CA67C-ECBE-4A06-BCD2-CABB73034073}
		{7B126D0A-50C9-4769-9B67-DB41738A15AA} = {A47CA67C-ECBE-4A06-BCD2-CABB73034073}
		{B4351DA9-18E8-4BA4-B3CA-FB1F45F090ED} = {4830AD4A-A171-465F-A2F8-A672664ECFDA}
	EndGlobalSection
	GlobalSection(ExtensibilityGlobals) = postSolution
		SolutionGuid = {F00C8B41-2293-4801-BF76-38434D0CEEF3}
	EndGlobalSection
EndGlobal
