
Microsoft Visual Studio Solution File, Format Version 12.00
# Visual Studio 15
VisualStudioVersion = 15.0.27703.2000
MinimumVisualStudioVersion = 10.0.40219.1
Project("{2150E333-8FDC-42A3-9474-1A3956D46DE8}") = "Creational", "Creational", "{A47CA67C-ECBE-4A06-BCD2-CABB73034073}"
EndProject
Project("{2150E333-8FDC-42A3-9474-1A3956D46DE8}") = "Structural", "Structural", "{4830AD4A-A171-465F-A2F8-A672664ECFDA}"
EndProject
Project("{2150E333-8FDC-42A3-9474-1A3956D46DE8}") = "Behavioral", "Behavioral", "{FA81C536-640D-4931-9698-341F3432A6BC}"
EndProject
Project("{9A19103F-16F7-4668-BE54-9A1E7A4F7556}") = "ProxyDesignPattern", "ProxyDesignPattern\ProxyDesignPattern.csproj", "{EFC7206D-5258-43F2-BEB9-9245691D23C9}"
EndProject
Project("{9A19103F-16F7-4668-BE54-9A1E7A4F7556}") = "DecoratorDesignPattern", "DecoratorDesignPattern\DecoratorDesignPattern.csproj", "{2D7685F6-960B-4CC5-A253-4856D688F104}"
EndProject
Project("{FAE04EC0-301F-11D3-BF4B-00C04F79EFBC}") = "CommandDesignPattern", "CommandDesignPattern\CommandDesignPattern.csproj", "{97725F61-F9C7-401B-B618-40C07AE810F3}"
EndProject
Project("{FAE04EC0-301F-11D3-BF4B-00C04F79EFBC}") = "ChainOfResponsibilityDesignPattern", "ChainOfResponsibilityDesignPattern\ChainOfResponsibilityDesignPattern.csproj", "{2E024058-8CF8-42D6-8D86-FAB1B4DEE3DA}"
EndProject
Global
	GlobalSection(SolutionConfigurationPlatforms) = preSolution
		Debug|Any CPU = Debug|Any CPU
		Release|Any CPU = Release|Any CPU
	EndGlobalSection
	GlobalSection(ProjectConfigurationPlatforms) = postSolution
		{EFC7206D-5258-43F2-BEB9-9245691D23C9}.Debug|Any CPU.ActiveCfg = Debug|Any CPU
		{EFC7206D-5258-43F2-BEB9-9245691D23C9}.Debug|Any CPU.Build.0 = Debug|Any CPU
		{EFC7206D-5258-43F2-BEB9-9245691D23C9}.Release|Any CPU.ActiveCfg = Release|Any CPU
		{EFC7206D-5258-43F2-BEB9-9245691D23C9}.Release|Any CPU.Build.0 = Release|Any CPU
		{2D7685F6-960B-4CC5-A253-4856D688F104}.Debug|Any CPU.ActiveCfg = Debug|Any CPU
		{2D7685F6-960B-4CC5-A253-4856D688F104}.Debug|Any CPU.Build.0 = Debug|Any CPU
		{2D7685F6-960B-4CC5-A253-4856D688F104}.Release|Any CPU.ActiveCfg = Release|Any CPU
		{2D7685F6-960B-4CC5-A253-4856D688F104}.Release|Any CPU.Build.0 = Release|Any CPU
		{97725F61-F9C7-401B-B618-40C07AE810F3}.Debug|Any CPU.ActiveCfg = Debug|Any CPU
		{97725F61-F9C7-401B-B618-40C07AE810F3}.Debug|Any CPU.Build.0 = Debug|Any CPU
		{97725F61-F9C7-401B-B618-40C07AE810F3}.Release|Any CPU.ActiveCfg = Release|Any CPU
		{97725F61-F9C7-401B-B618-40C07AE810F3}.Release|Any CPU.Build.0 = Release|Any CPU
		{2E024058-8CF8-42D6-8D86-FAB1B4DEE3DA}.Debug|Any CPU.ActiveCfg = Debug|Any CPU
		{2E024058-8CF8-42D6-8D86-FAB1B4DEE3DA}.Debug|Any CPU.Build.0 = Debug|Any CPU
		{2E024058-8CF8-42D6-8D86-FAB1B4DEE3DA}.Release|Any CPU.ActiveCfg = Release|Any CPU
		{2E024058-8CF8-42D6-8D86-FAB1B4DEE3DA}.Release|Any CPU.Build.0 = Release|Any CPU
	EndGlobalSection
	GlobalSection(SolutionProperties) = preSolution
		HideSolutionNode = FALSE
	EndGlobalSection
	GlobalSection(NestedProjects) = preSolution
		{EFC7206D-5258-43F2-BEB9-9245691D23C9} = {4830AD4A-A171-465F-A2F8-A672664ECFDA}
		{2D7685F6-960B-4CC5-A253-4856D688F104} = {4830AD4A-A171-465F-A2F8-A672664ECFDA}
		{97725F61-F9C7-401B-B618-40C07AE810F3} = {FA81C536-640D-4931-9698-341F3432A6BC}
		{2E024058-8CF8-42D6-8D86-FAB1B4DEE3DA} = {FA81C536-640D-4931-9698-341F3432A6BC}
	EndGlobalSection
	GlobalSection(ExtensibilityGlobals) = postSolution
		SolutionGuid = {F00C8B41-2293-4801-BF76-38434D0CEEF3}
	EndGlobalSection
EndGlobal
