
Microsoft Visual Studio Solution File, Format Version 12.00
# Visual Studio Version 16
VisualStudioVersion = 16.0.29209.62
MinimumVisualStudioVersion = 10.0.40219.1
Project("{2150E333-8FDC-42A3-9474-1A3956D46DE8}") = "Creational", "Creational", "{A47CA67C-ECBE-4A06-BCD2-CABB73034073}"
EndProject
Project("{2150E333-8FDC-42A3-9474-1A3956D46DE8}") = "Structural", "Structural", "{4830AD4A-A171-465F-A2F8-A672664ECFDA}"
EndProject
Project("{2150E333-8FDC-42A3-9474-1A3956D46DE8}") = "Behavioral", "Behavioral", "{FA81C536-640D-4931-9698-341F3432A6BC}"
EndProject
Project("{9A19103F-16F7-4668-BE54-9A1E7A4F7556}") = "ProxyDesignPattern", "ProxyDesignPattern\ProxyDesignPattern.csproj", "{EFC7206D-5258-43F2-BEB9-9245691D23C9}"
EndProject
Project("{9A19103F-16F7-4668-BE54-9A1E7A4F7556}") = "DecoratorDesignPattern", "DecoratorDesignPattern\DecoratorDesignPattern.csproj", "{2D7685F6-960B-4CC5-A253-4856D688F104}"
EndProject
Project("{9A19103F-16F7-4668-BE54-9A1E7A4F7556}") = "CommandDesignPattern", "CommandDesignPattern\CommandDesignPattern.csproj", "{97725F61-F9C7-401B-B618-40C07AE810F3}"
EndProject
Project("{9A19103F-16F7-4668-BE54-9A1E7A4F7556}") = "ChainOfResponsibilityDesignPattern", "ChainOfResponsibilityDesignPattern\ChainOfResponsibilityDesignPattern.csproj", "{2E024058-8CF8-42D6-8D86-FAB1B4DEE3DA}"
EndProject
Project("{9A19103F-16F7-4668-BE54-9A1E7A4F7556}") = "FacadeDesignPattern", "FacadeDesignPattern\FacadeDesignPattern.csproj", "{5D2EC06D-3702-4EB5-AA5E-FCEBAAD58932}"
EndProject
Project("{9A19103F-16F7-4668-BE54-9A1E7A4F7556}") = "CompositeDesignPattern", "CompositeDesignPattern\CompositeDesignPattern.csproj", "{1E159667-42F8-40F8-B9B0-77FB3E9C519D}"
EndProject
Project("{9A19103F-16F7-4668-BE54-9A1E7A4F7556}") = "IteratorDesignPattern", "IteratorDesignPattern\IteratorDesignPattern.csproj", "{5A76E461-072D-4E0A-99D8-7EADA1E48503}"
EndProject
Project("{9A19103F-16F7-4668-BE54-9A1E7A4F7556}") = "AdaptorDesignPattern", "AdaptorDesignPattern\AdaptorDesignPattern.csproj", "{0C1E689F-654A-47AC-90FA-7718BDFD146E}"
EndProject
Project("{FAE04EC0-301F-11D3-BF4B-00C04F79EFBC}") = "AbstractFactoryDesignPattern", "AbstractFactoryDesignPattern\AbstractFactoryDesignPattern.csproj", "{8F49D5C9-16BE-4F3E-99BE-78E015E83546}"
EndProject
Project("{FAE04EC0-301F-11D3-BF4B-00C04F79EFBC}") = "FactoryMethodDesignPattern", "FactoryMethodDesignPattern\FactoryMethodDesignPattern.csproj", "{82C55259-1890-4E0F-A0B3-B2C548A6CD2A}"
EndProject
Global
	GlobalSection(SolutionConfigurationPlatforms) = preSolution
		Debug|Any CPU = Debug|Any CPU
		Release|Any CPU = Release|Any CPU
	EndGlobalSection
	GlobalSection(ProjectConfigurationPlatforms) = postSolution
		{EFC7206D-5258-43F2-BEB9-9245691D23C9}.Debug|Any CPU.ActiveCfg = Debug|Any CPU
		{EFC7206D-5258-43F2-BEB9-9245691D23C9}.Debug|Any CPU.Build.0 = Debug|Any CPU
		{EFC7206D-5258-43F2-BEB9-9245691D23C9}.Release|Any CPU.ActiveCfg = Release|Any CPU
		{EFC7206D-5258-43F2-BEB9-9245691D23C9}.Release|Any CPU.Build.0 = Release|Any CPU
		{2D7685F6-960B-4CC5-A253-4856D688F104}.Debug|Any CPU.ActiveCfg = Debug|Any CPU
		{2D7685F6-960B-4CC5-A253-4856D688F104}.Debug|Any CPU.Build.0 = Debug|Any CPU
		{2D7685F6-960B-4CC5-A253-4856D688F104}.Release|Any CPU.ActiveCfg = Release|Any CPU
		{2D7685F6-960B-4CC5-A253-4856D688F104}.Release|Any CPU.Build.0 = Release|Any CPU
		{97725F61-F9C7-401B-B618-40C07AE810F3}.Debug|Any CPU.ActiveCfg = Debug|Any CPU
		{97725F61-F9C7-401B-B618-40C07AE810F3}.Debug|Any CPU.Build.0 = Debug|Any CPU
		{97725F61-F9C7-401B-B618-40C07AE810F3}.Release|Any CPU.ActiveCfg = Release|Any CPU
		{97725F61-F9C7-401B-B618-40C07AE810F3}.Release|Any CPU.Build.0 = Release|Any CPU
		{2E024058-8CF8-42D6-8D86-FAB1B4DEE3DA}.Debug|Any CPU.ActiveCfg = Debug|Any CPU
		{2E024058-8CF8-42D6-8D86-FAB1B4DEE3DA}.Debug|Any CPU.Build.0 = Debug|Any CPU
		{2E024058-8CF8-42D6-8D86-FAB1B4DEE3DA}.Release|Any CPU.ActiveCfg = Release|Any CPU
		{2E024058-8CF8-42D6-8D86-FAB1B4DEE3DA}.Release|Any CPU.Build.0 = Release|Any CPU
		{5D2EC06D-3702-4EB5-AA5E-FCEBAAD58932}.Debug|Any CPU.ActiveCfg = Debug|Any CPU
		{5D2EC06D-3702-4EB5-AA5E-FCEBAAD58932}.Debug|Any CPU.Build.0 = Debug|Any CPU
		{5D2EC06D-3702-4EB5-AA5E-FCEBAAD58932}.Release|Any CPU.ActiveCfg = Release|Any CPU
		{5D2EC06D-3702-4EB5-AA5E-FCEBAAD58932}.Release|Any CPU.Build.0 = Release|Any CPU
		{1E159667-42F8-40F8-B9B0-77FB3E9C519D}.Debug|Any CPU.ActiveCfg = Debug|Any CPU
		{1E159667-42F8-40F8-B9B0-77FB3E9C519D}.Debug|Any CPU.Build.0 = Debug|Any CPU
		{1E159667-42F8-40F8-B9B0-77FB3E9C519D}.Release|Any CPU.ActiveCfg = Release|Any CPU
		{1E159667-42F8-40F8-B9B0-77FB3E9C519D}.Release|Any CPU.Build.0 = Release|Any CPU
		{5A76E461-072D-4E0A-99D8-7EADA1E48503}.Debug|Any CPU.ActiveCfg = Debug|Any CPU
		{5A76E461-072D-4E0A-99D8-7EADA1E48503}.Debug|Any CPU.Build.0 = Debug|Any CPU
		{5A76E461-072D-4E0A-99D8-7EADA1E48503}.Release|Any CPU.ActiveCfg = Release|Any CPU
		{5A76E461-072D-4E0A-99D8-7EADA1E48503}.Release|Any CPU.Build.0 = Release|Any CPU
		{0C1E689F-654A-47AC-90FA-7718BDFD146E}.Debug|Any CPU.ActiveCfg = Debug|Any CPU
		{0C1E689F-654A-47AC-90FA-7718BDFD146E}.Debug|Any CPU.Build.0 = Debug|Any CPU
		{0C1E689F-654A-47AC-90FA-7718BDFD146E}.Release|Any CPU.ActiveCfg = Release|Any CPU
		{0C1E689F-654A-47AC-90FA-7718BDFD146E}.Release|Any CPU.Build.0 = Release|Any CPU
		{8F49D5C9-16BE-4F3E-99BE-78E015E83546}.Debug|Any CPU.ActiveCfg = Debug|Any CPU
		{8F49D5C9-16BE-4F3E-99BE-78E015E83546}.Debug|Any CPU.Build.0 = Debug|Any CPU
		{8F49D5C9-16BE-4F3E-99BE-78E015E83546}.Release|Any CPU.ActiveCfg = Release|Any CPU
		{8F49D5C9-16BE-4F3E-99BE-78E015E83546}.Release|Any CPU.Build.0 = Release|Any CPU
		{82C55259-1890-4E0F-A0B3-B2C548A6CD2A}.Debug|Any CPU.ActiveCfg = Debug|Any CPU
		{82C55259-1890-4E0F-A0B3-B2C548A6CD2A}.Debug|Any CPU.Build.0 = Debug|Any CPU
		{82C55259-1890-4E0F-A0B3-B2C548A6CD2A}.Release|Any CPU.ActiveCfg = Release|Any CPU
		{82C55259-1890-4E0F-A0B3-B2C548A6CD2A}.Release|Any CPU.Build.0 = Release|Any CPU
	EndGlobalSection
	GlobalSection(SolutionProperties) = preSolution
		HideSolutionNode = FALSE
	EndGlobalSection
	GlobalSection(NestedProjects) = preSolution
		{EFC7206D-5258-43F2-BEB9-9245691D23C9} = {4830AD4A-A171-465F-A2F8-A672664ECFDA}
		{2D7685F6-960B-4CC5-A253-4856D688F104} = {4830AD4A-A171-465F-A2F8-A672664ECFDA}
		{97725F61-F9C7-401B-B618-40C07AE810F3} = {FA81C536-640D-4931-9698-341F3432A6BC}
		{2E024058-8CF8-42D6-8D86-FAB1B4DEE3DA} = {FA81C536-640D-4931-9698-341F3432A6BC}
		{5D2EC06D-3702-4EB5-AA5E-FCEBAAD58932} = {4830AD4A-A171-465F-A2F8-A672664ECFDA}
		{1E159667-42F8-40F8-B9B0-77FB3E9C519D} = {4830AD4A-A171-465F-A2F8-A672664ECFDA}
		{5A76E461-072D-4E0A-99D8-7EADA1E48503} = {FA81C536-640D-4931-9698-341F3432A6BC}
		{0C1E689F-654A-47AC-90FA-7718BDFD146E} = {4830AD4A-A171-465F-A2F8-A672664ECFDA}
		{8F49D5C9-16BE-4F3E-99BE-78E015E83546} = {A47CA67C-ECBE-4A06-BCD2-CABB73034073}
		{82C55259-1890-4E0F-A0B3-B2C548A6CD2A} = {A47CA67C-ECBE-4A06-BCD2-CABB73034073}
	EndGlobalSection
	GlobalSection(ExtensibilityGlobals) = postSolution
		SolutionGuid = {F00C8B41-2293-4801-BF76-38434D0CEEF3}
	EndGlobalSection
EndGlobal
